
Microsoft Visual Studio Solution File, Format Version 12.00
# Visual Studio Version 16
VisualStudioVersion = 16.0.29911.84
MinimumVisualStudioVersion = 10.0.40219.1
Project("{FAE04EC0-301F-11D3-BF4B-00C04F79EFBC}") = "RIT-Menu", "RIT-Menu.csproj", "{0778BCA5-26A1-4C3A-9A69-901518AD798C}"
EndProject
Project("{FAE04EC0-301F-11D3-BF4B-00C04F79EFBC}") = "EventsLib", "libraries\EventsLib\EventsLib.csproj", "{43B75524-FFE2-4AC4-A872-55F88DEFC89A}"
EndProject
Global
	GlobalSection(SolutionConfigurationPlatforms) = preSolution
		Debug|Any CPU = Debug|Any CPU
		Release|Any CPU = Release|Any CPU
	EndGlobalSection
	GlobalSection(ProjectConfigurationPlatforms) = postSolution
		{0778BCA5-26A1-4C3A-9A69-901518AD798C}.Debug|Any CPU.ActiveCfg = Debug|Any CPU
		{0778BCA5-26A1-4C3A-9A69-901518AD798C}.Debug|Any CPU.Build.0 = Debug|Any CPU
		{0778BCA5-26A1-4C3A-9A69-901518AD798C}.Release|Any CPU.ActiveCfg = Release|Any CPU
		{0778BCA5-26A1-4C3A-9A69-901518AD798C}.Release|Any CPU.Build.0 = Release|Any CPU
		{43B75524-FFE2-4AC4-A872-55F88DEFC89A}.Debug|Any CPU.ActiveCfg = Debug|Any CPU
		{43B75524-FFE2-4AC4-A872-55F88DEFC89A}.Debug|Any CPU.Build.0 = Debug|Any CPU
		{43B75524-FFE2-4AC4-A872-55F88DEFC89A}.Release|Any CPU.ActiveCfg = Release|Any CPU
		{43B75524-FFE2-4AC4-A872-55F88DEFC89A}.Release|Any CPU.Build.0 = Release|Any CPU
	EndGlobalSection
	GlobalSection(SolutionProperties) = preSolution
		HideSolutionNode = FALSE
	EndGlobalSection
	GlobalSection(ExtensibilityGlobals) = postSolution
		SolutionGuid = {99ADA487-673B-47E2-BCB4-41378008FAC7}
	EndGlobalSection
EndGlobal
